
Microsoft Visual Studio Solution File, Format Version 10.00
# Visual Studio 2008
Project("{FAE04EC0-301F-11D3-BF4B-00C04F79EFBC}") = "TeamBuildTray", "TeamBuildTray\TeamBuildTray.csproj", "{FF7493B5-DBF7-47C3-91A3-EE1B2DAAAC45}"
EndProject
Project("{FAE04EC0-301F-11D3-BF4B-00C04F79EFBC}") = "WPFTaskbarNotifier", "WPFTaskbarNotifier\WPFTaskbarNotifier.csproj", "{C807F74B-9C21-4A9F-8A60-C7D7AF7BCBBA}"
EndProject
Project("{54435603-DBB4-11D2-8724-00A0C9A8B90C}") = "SetupProject", "SetupProject\SetupProject.vdproj", "{A0F708C3-799B-4084-90B2-50ADD15B106D}"
EndProject
Global
	GlobalSection(TeamFoundationVersionControl) = preSolution
		SccNumberOfProjects = 4
		SccEnterpriseProvider = {4CA58AB2-18FA-4F8D-95D4-32DDF27D184C}
		SccTeamFoundationServer = https://tfs03.codeplex.com/
		SccLocalPath0 = .
		SccProjectUniqueName1 = SetupProject\\SetupProject.vdproj
		SccProjectName1 = SetupProject
		SccLocalPath1 = SetupProject
		SccProjectUniqueName2 = TeamBuildTray\\TeamBuildTray.csproj
		SccProjectName2 = TeamBuildTray
		SccLocalPath2 = TeamBuildTray
		SccProjectUniqueName3 = WPFTaskbarNotifier\\WPFTaskbarNotifier.csproj
		SccProjectName3 = WPFTaskbarNotifier
		SccLocalPath3 = WPFTaskbarNotifier
	EndGlobalSection
	GlobalSection(SolutionConfigurationPlatforms) = preSolution
		Debug|Any CPU = Debug|Any CPU
		Release|Any CPU = Release|Any CPU
	EndGlobalSection
	GlobalSection(ProjectConfigurationPlatforms) = postSolution
		{FF7493B5-DBF7-47C3-91A3-EE1B2DAAAC45}.Debug|Any CPU.ActiveCfg = Debug|Any CPU
		{FF7493B5-DBF7-47C3-91A3-EE1B2DAAAC45}.Debug|Any CPU.Build.0 = Debug|Any CPU
		{FF7493B5-DBF7-47C3-91A3-EE1B2DAAAC45}.Release|Any CPU.ActiveCfg = Release|Any CPU
		{FF7493B5-DBF7-47C3-91A3-EE1B2DAAAC45}.Release|Any CPU.Build.0 = Release|Any CPU
		{C807F74B-9C21-4A9F-8A60-C7D7AF7BCBBA}.Debug|Any CPU.ActiveCfg = Debug|Any CPU
		{C807F74B-9C21-4A9F-8A60-C7D7AF7BCBBA}.Debug|Any CPU.Build.0 = Debug|Any CPU
		{C807F74B-9C21-4A9F-8A60-C7D7AF7BCBBA}.Release|Any CPU.ActiveCfg = Release|Any CPU
		{C807F74B-9C21-4A9F-8A60-C7D7AF7BCBBA}.Release|Any CPU.Build.0 = Release|Any CPU
		{A0F708C3-799B-4084-90B2-50ADD15B106D}.Debug|Any CPU.ActiveCfg = Debug
		{A0F708C3-799B-4084-90B2-50ADD15B106D}.Release|Any CPU.ActiveCfg = Release
		{A0F708C3-799B-4084-90B2-50ADD15B106D}.Release|Any CPU.Build.0 = Release
	EndGlobalSection
	GlobalSection(SolutionProperties) = preSolution
		HideSolutionNode = FALSE
	EndGlobalSection
EndGlobal
